// !$*UTF8*$!
{
	archiveVersion = 1;
	classes = {
	};
	objectVersion = 46;
	objects = {

/* Begin PBXBuildFile section */
		5847DC301B379FF20092991F /* AppDelegate.swift in Sources */ = {isa = PBXBuildFile; fileRef = 5847DC2F1B379FF20092991F /* AppDelegate.swift */; };
		5847DC321B379FF20092991F /* ViewController.swift in Sources */ = {isa = PBXBuildFile; fileRef = 5847DC311B379FF20092991F /* ViewController.swift */; };
		5847DC351B379FF20092991F /* Main.storyboard in Resources */ = {isa = PBXBuildFile; fileRef = 5847DC331B379FF20092991F /* Main.storyboard */; };
		5847DC371B379FF20092991F /* Images.xcassets in Resources */ = {isa = PBXBuildFile; fileRef = 5847DC361B379FF20092991F /* Images.xcassets */; };
		5847DC3A1B379FF20092991F /* LaunchScreen.xib in Resources */ = {isa = PBXBuildFile; fileRef = 5847DC381B379FF20092991F /* LaunchScreen.xib */; };
		5847DC461B379FF20092991F /* MultipyTests.swift in Sources */ = {isa = PBXBuildFile; fileRef = 5847DC451B379FF20092991F /* MultipyTests.swift */; };
/* End PBXBuildFile section */

/* Begin PBXContainerItemProxy section */
		5847DC401B379FF20092991F /* PBXContainerItemProxy */ = {
			isa = PBXContainerItemProxy;
			containerPortal = 5847DC221B379FF20092991F /* Project object */;
			proxyType = 1;
			remoteGlobalIDString = 5847DC291B379FF20092991F;
			remoteInfo = Multipy;
		};
/* End PBXContainerItemProxy section */

/* Begin PBXFileReference section */
		5847DC2A1B379FF20092991F /* Multipy.app */ = {isa = PBXFileReference; explicitFileType = wrapper.application; includeInIndex = 0; path = Multipy.app; sourceTree = BUILT_PRODUCTS_DIR; };
		5847DC2E1B379FF20092991F /* Info.plist */ = {isa = PBXFileReference; lastKnownFileType = text.plist.xml; path = Info.plist; sourceTree = "<group>"; };
		5847DC2F1B379FF20092991F /* AppDelegate.swift */ = {isa = PBXFileReference; lastKnownFileType = sourcecode.swift; path = AppDelegate.swift; sourceTree = "<group>"; };
		5847DC311B379FF20092991F /* ViewController.swift */ = {isa = PBXFileReference; lastKnownFileType = sourcecode.swift; path = ViewController.swift; sourceTree = "<group>"; };
		5847DC341B379FF20092991F /* Base */ = {isa = PBXFileReference; lastKnownFileType = file.storyboard; name = Base; path = Base.lproj/Main.storyboard; sourceTree = "<group>"; };
		5847DC361B379FF20092991F /* Images.xcassets */ = {isa = PBXFileReference; lastKnownFileType = folder.assetcatalog; path = Images.xcassets; sourceTree = "<group>"; };
		5847DC391B379FF20092991F /* Base */ = {isa = PBXFileReference; lastKnownFileType = file.xib; name = Base; path = Base.lproj/LaunchScreen.xib; sourceTree = "<group>"; };
		5847DC3F1B379FF20092991F /* MultipyTests.xctest */ = {isa = PBXFileReference; explicitFileType = wrapper.cfbundle; includeInIndex = 0; path = MultipyTests.xctest; sourceTree = BUILT_PRODUCTS_DIR; };
		5847DC441B379FF20092991F /* Info.plist */ = {isa = PBXFileReference; lastKnownFileType = text.plist.xml; path = Info.plist; sourceTree = "<group>"; };
		5847DC451B379FF20092991F /* MultipyTests.swift */ = {isa = PBXFileReference; lastKnownFileType = sourcecode.swift; path = MultipyTests.swift; sourceTree = "<group>"; };
/* End PBXFileReference section */

/* Begin PBXFrameworksBuildPhase section */
		5847DC271B379FF20092991F /* Frameworks */ = {
			isa = PBXFrameworksBuildPhase;
			buildActionMask = 2147483647;
			files = (
			);
			runOnlyForDeploymentPostprocessing = 0;
		};
		5847DC3C1B379FF20092991F /* Frameworks */ = {
			isa = PBXFrameworksBuildPhase;
			buildActionMask = 2147483647;
			files = (
			);
			runOnlyForDeploymentPostprocessing = 0;
		};
/* End PBXFrameworksBuildPhase section */

/* Begin PBXGroup section */
		5847DC211B379FF20092991F = {
			isa = PBXGroup;
			children = (
				5847DC2C1B379FF20092991F /* Multipy */,
				5847DC421B379FF20092991F /* MultipyTests */,
				5847DC2B1B379FF20092991F /* Products */,
			);
			sourceTree = "<group>";
		};
		5847DC2B1B379FF20092991F /* Products */ = {
			isa = PBXGroup;
			children = (
				5847DC2A1B379FF20092991F /* Multipy.app */,
				5847DC3F1B379FF20092991F /* MultipyTests.xctest */,
			);
			name = Products;
			sourceTree = "<group>";
		};
		5847DC2C1B379FF20092991F /* Multipy */ = {
			isa = PBXGroup;
			children = (
				5847DC2F1B379FF20092991F /* AppDelegate.swift */,
				5847DC311B379FF20092991F /* ViewController.swift */,
				5847DC331B379FF20092991F /* Main.storyboard */,
				5847DC361B379FF20092991F /* Images.xcassets */,
				5847DC381B379FF20092991F /* LaunchScreen.xib */,
				5847DC2D1B379FF20092991F /* Supporting Files */,
			);
			path = Multipy;
			sourceTree = "<group>";
		};
		5847DC2D1B379FF20092991F /* Supporting Files */ = {
			isa = PBXGroup;
			children = (
				5847DC2E1B379FF20092991F /* Info.plist */,
			);
			name = "Supporting Files";
			sourceTree = "<group>";
		};
		5847DC421B379FF20092991F /* MultipyTests */ = {
			isa = PBXGroup;
			children = (
				5847DC451B379FF20092991F /* MultipyTests.swift */,
				5847DC431B379FF20092991F /* Supporting Files */,
			);
			path = MultipyTests;
			sourceTree = "<group>";
		};
		5847DC431B379FF20092991F /* Supporting Files */ = {
			isa = PBXGroup;
			children = (
				5847DC441B379FF20092991F /* Info.plist */,
			);
			name = "Supporting Files";
			sourceTree = "<group>";
		};
/* End PBXGroup section */

/* Begin PBXNativeTarget section */
		5847DC291B379FF20092991F /* Multipy */ = {
			isa = PBXNativeTarget;
			buildConfigurationList = 5847DC491B379FF20092991F /* Build configuration list for PBXNativeTarget "Multipy" */;
			buildPhases = (
				5847DC261B379FF20092991F /* Sources */,
				5847DC271B379FF20092991F /* Frameworks */,
				5847DC281B379FF20092991F /* Resources */,
			);
			buildRules = (
			);
			dependencies = (
			);
			name = Multipy;
			productName = Multipy;
			productReference = 5847DC2A1B379FF20092991F /* Multipy.app */;
			productType = "com.apple.product-type.application";
		};
		5847DC3E1B379FF20092991F /* MultipyTests */ = {
			isa = PBXNativeTarget;
			buildConfigurationList = 5847DC4C1B379FF20092991F /* Build configuration list for PBXNativeTarget "MultipyTests" */;
			buildPhases = (
				5847DC3B1B379FF20092991F /* Sources */,
				5847DC3C1B379FF20092991F /* Frameworks */,
				5847DC3D1B379FF20092991F /* Resources */,
			);
			buildRules = (
			);
			dependencies = (
				5847DC411B379FF20092991F /* PBXTargetDependency */,
			);
			name = MultipyTests;
			productName = MultipyTests;
			productReference = 5847DC3F1B379FF20092991F /* MultipyTests.xctest */;
			productType = "com.apple.product-type.bundle.unit-test";
		};
/* End PBXNativeTarget section */

/* Begin PBXProject section */
		5847DC221B379FF20092991F /* Project object */ = {
			isa = PBXProject;
			attributes = {
				LastSwiftMigration = 0700;
				LastSwiftUpdateCheck = 0700;
				LastUpgradeCheck = 0630;
				ORGANIZATIONNAME = "Mobile Makers";
				TargetAttributes = {
					5847DC291B379FF20092991F = {
						CreatedOnToolsVersion = 6.3.1;
						DevelopmentTeam = 2L8NJC9292;
					};
					5847DC3E1B379FF20092991F = {
						CreatedOnToolsVersion = 6.3.1;
						TestTargetID = 5847DC291B379FF20092991F;
					};
				};
			};
			buildConfigurationList = 5847DC251B379FF20092991F /* Build configuration list for PBXProject "Multipy" */;
			compatibilityVersion = "Xcode 3.2";
			developmentRegion = English;
			hasScannedForEncodings = 0;
			knownRegions = (
				en,
				Base,
			);
			mainGroup = 5847DC211B379FF20092991F;
			productRefGroup = 5847DC2B1B379FF20092991F /* Products */;
			projectDirPath = "";
			projectRoot = "";
			targets = (
				5847DC291B379FF20092991F /* Multipy */,
				5847DC3E1B379FF20092991F /* MultipyTests */,
			);
		};
/* End PBXProject section */

/* Begin PBXResourcesBuildPhase section */
		5847DC281B379FF20092991F /* Resources */ = {
			isa = PBXResourcesBuildPhase;
			buildActionMask = 2147483647;
			files = (
				5847DC351B379FF20092991F /* Main.storyboard in Resources */,
				5847DC3A1B379FF20092991F /* LaunchScreen.xib in Resources */,
				5847DC371B379FF20092991F /* Images.xcassets in Resources */,
			);
			runOnlyForDeploymentPostprocessing = 0;
		};
		5847DC3D1B379FF20092991F /* Resources */ = {
			isa = PBXResourcesBuildPhase;
			buildActionMask = 2147483647;
			files = (
			);
			runOnlyForDeploymentPostprocessing = 0;
		};
/* End PBXResourcesBuildPhase section */

/* Begin PBXSourcesBuildPhase section */
		5847DC261B379FF20092991F /* Sources */ = {
			isa = PBXSourcesBuildPhase;
			buildActionMask = 2147483647;
			files = (
				5847DC321B379FF20092991F /* ViewController.swift in Sources */,
				5847DC301B379FF20092991F /* AppDelegate.swift in Sources */,
			);
			runOnlyForDeploymentPostprocessing = 0;
		};
		5847DC3B1B379FF20092991F /* Sources */ = {
			isa = PBXSourcesBuildPhase;
			buildActionMask = 2147483647;
			files = (
				5847DC461B379FF20092991F /* MultipyTests.swift in Sources */,
			);
			runOnlyForDeploymentPostprocessing = 0;
		};
/* End PBXSourcesBuildPhase section */

/* Begin PBXTargetDependency section */
		5847DC411B379FF20092991F /* PBXTargetDependency */ = {
			isa = PBXTargetDependency;
			target = 5847DC291B379FF20092991F /* Multipy */;
			targetProxy = 5847DC401B379FF20092991F /* PBXContainerItemProxy */;
		};
/* End PBXTargetDependency section */

/* Begin PBXVariantGroup section */
		5847DC331B379FF20092991F /* Main.storyboard */ = {
			isa = PBXVariantGroup;
			children = (
				5847DC341B379FF20092991F /* Base */,
			);
			name = Main.storyboard;
			sourceTree = "<group>";
		};
		5847DC381B379FF20092991F /* LaunchScreen.xib */ = {
			isa = PBXVariantGroup;
			children = (
				5847DC391B379FF20092991F /* Base */,
			);
			name = LaunchScreen.xib;
			sourceTree = "<group>";
		};
/* End PBXVariantGroup section */

/* Begin XCBuildConfiguration section */
		5847DC471B379FF20092991F /* Debug */ = {
			isa = XCBuildConfiguration;
			buildSettings = {
				ALWAYS_SEARCH_USER_PATHS = NO;
				CLANG_CXX_LANGUAGE_STANDARD = "gnu++0x";
				CLANG_CXX_LIBRARY = "libc++";
				CLANG_ENABLE_MODULES = YES;
				CLANG_ENABLE_OBJC_ARC = YES;
				CLANG_WARN_BOOL_CONVERSION = YES;
				CLANG_WARN_CONSTANT_CONVERSION = YES;
				CLANG_WARN_DIRECT_OBJC_ISA_USAGE = YES_ERROR;
				CLANG_WARN_EMPTY_BODY = YES;
				CLANG_WARN_ENUM_CONVERSION = YES;
				CLANG_WARN_INT_CONVERSION = YES;
				CLANG_WARN_OBJC_ROOT_CLASS = YES_ERROR;
				CLANG_WARN_UNREACHABLE_CODE = YES;
				CLANG_WARN__DUPLICATE_METHOD_MATCH = YES;
				"CODE_SIGN_IDENTITY[sdk=iphoneos*]" = "iPhone Developer";
				COPY_PHASE_STRIP = NO;
				DEBUG_INFORMATION_FORMAT = "dwarf-with-dsym";
				ENABLE_STRICT_OBJC_MSGSEND = YES;
				GCC_C_LANGUAGE_STANDARD = gnu99;
				GCC_DYNAMIC_NO_PIC = NO;
				GCC_NO_COMMON_BLOCKS = YES;
				GCC_OPTIMIZATION_LEVEL = 0;
				GCC_PREPROCESSOR_DEFINITIONS = (
					"DEBUG=1",
					"$(inherited)",
				);
				GCC_SYMBOLS_PRIVATE_EXTERN = NO;
				GCC_WARN_64_TO_32_BIT_CONVERSION = YES;
				GCC_WARN_ABOUT_RETURN_TYPE = YES_ERROR;
				GCC_WARN_UNDECLARED_SELECTOR = YES;
				GCC_WARN_UNINITIALIZED_AUTOS = YES_AGGRESSIVE;
				GCC_WARN_UNUSED_FUNCTION = YES;
				GCC_WARN_UNUSED_VARIABLE = YES;
				IPHONEOS_DEPLOYMENT_TARGET = 8.3;
				MTL_ENABLE_DEBUG_INFO = YES;
				ONLY_ACTIVE_ARCH = YES;
				SDKROOT = iphoneos;
				SWIFT_OPTIMIZATION_LEVEL = "-Onone";
				TARGETED_DEVICE_FAMILY = "1,2";
			};
			name = Debug;
		};
		5847DC481B379FF20092991F /* Release */ = {
			isa = XCBuildConfiguration;
			buildSettings = {
				ALWAYS_SEARCH_USER_PATHS = NO;
				CLANG_CXX_LANGUAGE_STANDARD = "gnu++0x";
				CLANG_CXX_LIBRARY = "libc++";
				CLANG_ENABLE_MODULES = YES;
				CLANG_ENABLE_OBJC_ARC = YES;
				CLANG_WARN_BOOL_CONVERSION = YES;
				CLANG_WARN_CONSTANT_CONVERSION = YES;
				CLANG_WARN_DIRECT_OBJC_ISA_USAGE = YES_ERROR;
				CLANG_WARN_EMPTY_BODY = YES;
				CLANG_WARN_ENUM_CONVERSION = YES;
				CLANG_WARN_INT_CONVERSION = YES;
				CLANG_WARN_OBJC_ROOT_CLASS = YES_ERROR;
				CLANG_WARN_UNREACHABLE_CODE = YES;
				CLANG_WARN__DUPLICATE_METHOD_MATCH = YES;
				"CODE_SIGN_IDENTITY[sdk=iphoneos*]" = "iPhone Developer";
				COPY_PHASE_STRIP = NO;
				DEBUG_INFORMATION_FORMAT = "dwarf-with-dsym";
				ENABLE_NS_ASSERTIONS = NO;
				ENABLE_STRICT_OBJC_MSGSEND = YES;
				GCC_C_LANGUAGE_STANDARD = gnu99;
				GCC_NO_COMMON_BLOCKS = YES;
				GCC_WARN_64_TO_32_BIT_CONVERSION = YES;
				GCC_WARN_ABOUT_RETURN_TYPE = YES_ERROR;
				GCC_WARN_UNDECLARED_SELECTOR = YES;
				GCC_WARN_UNINITIALIZED_AUTOS = YES_AGGRESSIVE;
				GCC_WARN_UNUSED_FUNCTION = YES;
				GCC_WARN_UNUSED_VARIABLE = YES;
				IPHONEOS_DEPLOYMENT_TARGET = 8.3;
				MTL_ENABLE_DEBUG_INFO = NO;
				SDKROOT = iphoneos;
				TARGETED_DEVICE_FAMILY = "1,2";
				VALIDATE_PRODUCT = YES;
			};
			name = Release;
		};
		5847DC4A1B379FF20092991F /* Debug */ = {
			isa = XCBuildConfiguration;
			buildSettings = {
				ASSETCATALOG_COMPILER_APPICON_NAME = AppIcon;
				CODE_SIGN_IDENTITY = "iPhone Developer";
				"CODE_SIGN_IDENTITY[sdk=iphoneos*]" = "iPhone Developer";
				INFOPLIST_FILE = Multipy/Info.plist;
				LD_RUNPATH_SEARCH_PATHS = "$(inherited) @executable_path/Frameworks";
				PRODUCT_NAME = "$(TARGET_NAME)";
				PROVISIONING_PROFILE = "";
			};
			name = Debug;
		};
		5847DC4B1B379FF20092991F /* Release */ = {
			isa = XCBuildConfiguration;
			buildSettings = {
				ASSETCATALOG_COMPILER_APPICON_NAME = AppIcon;
				CODE_SIGN_IDENTITY = "iPhone Developer";
				"CODE_SIGN_IDENTITY[sdk=iphoneos*]" = "iPhone Developer";
				INFOPLIST_FILE = Multipy/Info.plist;
				LD_RUNPATH_SEARCH_PATHS = "$(inherited) @executable_path/Frameworks";
				PRODUCT_NAME = "$(TARGET_NAME)";
				PROVISIONING_PROFILE = "";
			};
			name = Release;
		};
		5847DC4D1B379FF20092991F /* Debug */ = {
			isa = XCBuildConfiguration;
			buildSettings = {
				BUNDLE_LOADER = "$(TEST_HOST)";
				FRAMEWORK_SEARCH_PATHS = (
					"$(SDKROOT)/Developer/Library/Frameworks",
					"$(inherited)",
				);
				GCC_PREPROCESSOR_DEFINITIONS = (
					"DEBUG=1",
					"$(inherited)",
				);
				INFOPLIST_FILE = MultipyTests/Info.plist;
				LD_RUNPATH_SEARCH_PATHS = "$(inherited) @executable_path/Frameworks @loader_path/Frameworks";
				PRODUCT_NAME = "$(TARGET_NAME)";
				TEST_HOST = "$(BUILT_PRODUCTS_DIR)/Multipy.app/Multipy";
			};
			name = Debug;
		};
		5847DC4E1B379FF20092991F /* Release */ = {
			isa = XCBuildConfiguration;
			buildSettings = {
				BUNDLE_LOADER = "$(TEST_HOST)";
				FRAMEWORK_SEARCH_PATHS = (
					"$(SDKROOT)/Developer/Library/Frameworks",
					"$(inherited)",
				);
				INFOPLIST_FILE = MultipyTests/Info.plist;
				LD_RUNPATH_SEARCH_PATHS = "$(inherited) @executable_path/Frameworks @loader_path/Frameworks";
				PRODUCT_NAME = "$(TARGET_NAME)";
				TEST_HOST = "$(BUILT_PRODUCTS_DIR)/Multipy.app/Multipy";
			};
			name = Release;
		};
/* End XCBuildConfiguration section */

/* Begin XCConfigurationList section */
		5847DC251B379FF20092991F /* Build configuration list for PBXProject "Multipy" */ = {
			isa = XCConfigurationList;
			buildConfigurations = (
				5847DC471B379FF20092991F /* Debug */,
				5847DC481B379FF20092991F /* Release */,
			);
			defaultConfigurationIsVisible = 0;
			defaultConfigurationName = Release;
		};
		5847DC491B379FF20092991F /* Build configuration list for PBXNativeTarget "Multipy" */ = {
			isa = XCConfigurationList;
			buildConfigurations = (
				5847DC4A1B379FF20092991F /* Debug */,
				5847DC4B1B379FF20092991F /* Release */,
			);
			defaultConfigurationIsVisible = 0;
			defaultConfigurationName = Release;
		};
		5847DC4C1B379FF20092991F /* Build configuration list for PBXNativeTarget "MultipyTests" */ = {
			isa = XCConfigurationList;
			buildConfigurations = (
				5847DC4D1B379FF20092991F /* Debug */,
				5847DC4E1B379FF20092991F /* Release */,
			);
			defaultConfigurationIsVisible = 0;
			defaultConfigurationName = Release;
		};
/* End XCConfigurationList section */
	};
	rootObject = 5847DC221B379FF20092991F /* Project object */;
}
